// !$*UTF8*$!
{
	archiveVersion = 1;
	classes = {
	};
	objectVersion = 50;
	objects = {

/* Begin PBXBuildFile section */
		097F61C07055A690A7277EE9 /* Pods_StarWarsAppTests.framework in Frameworks */ = {isa = PBXBuildFile; fileRef = F7F3992551FB35F2185195E5 /* Pods_StarWarsAppTests.framework */; };
		AC483E05568E9CF716D3B142 /* Pods_StarWarsApp.framework in Frameworks */ = {isa = PBXBuildFile; fileRef = 8A5A9CE53F17CDC831CBD827 /* Pods_StarWarsApp.framework */; };
		CA12BA0C21E39CA400DF6CC5 /* AppDelegate.swift in Sources */ = {isa = PBXBuildFile; fileRef = CA12BA0B21E39CA400DF6CC5 /* AppDelegate.swift */; };
		CA12BA2521E3A4A400DF6CC5 /* Person.swift in Sources */ = {isa = PBXBuildFile; fileRef = CA12BA2421E3A4A400DF6CC5 /* Person.swift */; };
		CA12BA2721E3A77100DF6CC5 /* Starship.swift in Sources */ = {isa = PBXBuildFile; fileRef = CA12BA2621E3A77100DF6CC5 /* Starship.swift */; };
		CA12BA2921E3A8AB00DF6CC5 /* Specie.swift in Sources */ = {isa = PBXBuildFile; fileRef = CA12BA2821E3A8AB00DF6CC5 /* Specie.swift */; };
		CA12BA2E21E3AB1100DF6CC5 /* PeopleTableViewModel.swift in Sources */ = {isa = PBXBuildFile; fileRef = CA12BA2D21E3AB1100DF6CC5 /* PeopleTableViewModel.swift */; };
		CA12BA3021E3AB5500DF6CC5 /* PeopleTableViewController.swift in Sources */ = {isa = PBXBuildFile; fileRef = CA12BA2F21E3AB5500DF6CC5 /* PeopleTableViewController.swift */; };
		CA12BA3321E3ABE400DF6CC5 /* StarshipsTableViewController.swift in Sources */ = {isa = PBXBuildFile; fileRef = CA12BA3221E3ABE400DF6CC5 /* StarshipsTableViewController.swift */; };
		CA12BA3521E3AC0100DF6CC5 /* StarshipsTableViewModel.swift in Sources */ = {isa = PBXBuildFile; fileRef = CA12BA3421E3AC0100DF6CC5 /* StarshipsTableViewModel.swift */; };
		CA12BA3821E3AC1600DF6CC5 /* SpeciesTableViewModel.swift in Sources */ = {isa = PBXBuildFile; fileRef = CA12BA3721E3AC1600DF6CC5 /* SpeciesTableViewModel.swift */; };
		CA12BA3A21E3AC2000DF6CC5 /* SpeciesTableViewController.swift in Sources */ = {isa = PBXBuildFile; fileRef = CA12BA3921E3AC2000DF6CC5 /* SpeciesTableViewController.swift */; };
		CA12BA3D21E3AC4300DF6CC5 /* PersonViewController.swift in Sources */ = {isa = PBXBuildFile; fileRef = CA12BA3C21E3AC4300DF6CC5 /* PersonViewController.swift */; };
		CA12BA3F21E3AC4F00DF6CC5 /* PersonViewModel.swift in Sources */ = {isa = PBXBuildFile; fileRef = CA12BA3E21E3AC4F00DF6CC5 /* PersonViewModel.swift */; };
		CA12BA4221E3AC6600DF6CC5 /* StarshipViewModel.swift in Sources */ = {isa = PBXBuildFile; fileRef = CA12BA4121E3AC6600DF6CC5 /* StarshipViewModel.swift */; };
		CA12BA4421E3AC7100DF6CC5 /* StarshipViewController.swift in Sources */ = {isa = PBXBuildFile; fileRef = CA12BA4321E3AC7100DF6CC5 /* StarshipViewController.swift */; };
		CA12BA4721E3AC8600DF6CC5 /* SpecieViewController.swift in Sources */ = {isa = PBXBuildFile; fileRef = CA12BA4621E3AC8600DF6CC5 /* SpecieViewController.swift */; };
		CA12BA4921E3AC9400DF6CC5 /* SpecieViewModel.swift in Sources */ = {isa = PBXBuildFile; fileRef = CA12BA4821E3AC9400DF6CC5 /* SpecieViewModel.swift */; };
		CA752C8921EFCB7800B4C3F3 /* Response.swift in Sources */ = {isa = PBXBuildFile; fileRef = CA752C8821EFCB7800B4C3F3 /* Response.swift */; };
		CA752C9121F0C07F00B4C3F3 /* StarWarsAppPersonViewModelTests.swift in Sources */ = {isa = PBXBuildFile; fileRef = CA752C9021F0C07F00B4C3F3 /* StarWarsAppPersonViewModelTests.swift */; };
		CA752CA921F0EEC400B4C3F3 /* StarWarsAppPeopleTableViewModelTests.swift in Sources */ = {isa = PBXBuildFile; fileRef = CA752CA821F0EEC400B4C3F3 /* StarWarsAppPeopleTableViewModelTests.swift */; };
		CA752CAD21F1322D00B4C3F3 /* APIClientInyectionProtocol.swift in Sources */ = {isa = PBXBuildFile; fileRef = CA752CAC21F1322C00B4C3F3 /* APIClientInyectionProtocol.swift */; };
		CA752CAF21F21EBF00B4C3F3 /* PeopleAPI.swift in Sources */ = {isa = PBXBuildFile; fileRef = CA752CAE21F21EBF00B4C3F3 /* PeopleAPI.swift */; };
		CA752CB121F21FA300B4C3F3 /* PlanetAPI.swift in Sources */ = {isa = PBXBuildFile; fileRef = CA752CB021F21FA300B4C3F3 /* PlanetAPI.swift */; };
		CA752CB321F2252700B4C3F3 /* ApplicationError.swift in Sources */ = {isa = PBXBuildFile; fileRef = CA752CB221F2252700B4C3F3 /* ApplicationError.swift */; };
		CA752CB921F239C700B4C3F3 /* Reactive+ScrollViewBottomReached.swift in Sources */ = {isa = PBXBuildFile; fileRef = CA752CB821F239C700B4C3F3 /* Reactive+ScrollViewBottomReached.swift */; };
		CA752CBC21F25BC600B4C3F3 /* ActivityIndicator.swift in Sources */ = {isa = PBXBuildFile; fileRef = CA752CBB21F25BC600B4C3F3 /* ActivityIndicator.swift */; };
		CA752CC221F27F3C00B4C3F3 /* String+ResourceIndex.swift in Sources */ = {isa = PBXBuildFile; fileRef = CA752CC121F27F3C00B4C3F3 /* String+ResourceIndex.swift */; };
		CA752CC421F285ED00B4C3F3 /* PeopleTableViewController+Layout.swift in Sources */ = {isa = PBXBuildFile; fileRef = CA752CC321F285ED00B4C3F3 /* PeopleTableViewController+Layout.swift */; };
		CA752CC621F286C500B4C3F3 /* PersonViewController+Layout.swift in Sources */ = {isa = PBXBuildFile; fileRef = CA752CC521F286C500B4C3F3 /* PersonViewController+Layout.swift */; };
		CA83D53E21E7FDE900EBC98C /* PlanetResponse.swift in Sources */ = {isa = PBXBuildFile; fileRef = CA83D53D21E7FDE900EBC98C /* PlanetResponse.swift */; };
		CA83D54021E7FEF800EBC98C /* PaginatedAPIResponseProtocol.swift in Sources */ = {isa = PBXBuildFile; fileRef = CA83D53F21E7FEF800EBC98C /* PaginatedAPIResponseProtocol.swift */; };
		CAA3881D21E8F6A600332328 /* StarJediSpecialEdition.ttf in Resources */ = {isa = PBXBuildFile; fileRef = CAA3881C21E8F6A600332328 /* StarJediSpecialEdition.ttf */; };
		CAA828AF21EE79A900027BAD /* Main.storyboard in Resources */ = {isa = PBXBuildFile; fileRef = CAA828AE21EE79A900027BAD /* Main.storyboard */; };
		CAA828B121EE79CA00027BAD /* LaunchScreen.storyboard in Resources */ = {isa = PBXBuildFile; fileRef = CAA828B021EE79CA00027BAD /* LaunchScreen.storyboard */; };
		CAA828C321EE7D5400027BAD /* Localizable.strings in Resources */ = {isa = PBXBuildFile; fileRef = CAA828C121EE7D5400027BAD /* Localizable.strings */; };
		CAC816C121E3EECF00EB3D8D /* Images.xcassets in Resources */ = {isa = PBXBuildFile; fileRef = CAC816C021E3EECF00EB3D8D /* Images.xcassets */; };
		CAC816C321E3FC9F00EB3D8D /* PeopleTableViewCell.swift in Sources */ = {isa = PBXBuildFile; fileRef = CAC816C221E3FC9F00EB3D8D /* PeopleTableViewCell.swift */; };
		CAC816C921E41BD800EB3D8D /* ResourceProtocol.swift in Sources */ = {isa = PBXBuildFile; fileRef = CAC816C821E41BD700EB3D8D /* ResourceProtocol.swift */; };
		CAC816CF21E4EB6700EB3D8D /* APIClient.swift in Sources */ = {isa = PBXBuildFile; fileRef = CAC816CE21E4EB6700EB3D8D /* APIClient.swift */; };
		CAC816D521E52C1800EB3D8D /* PeopleResponse.swift in Sources */ = {isa = PBXBuildFile; fileRef = CAC816D421E52C1800EB3D8D /* PeopleResponse.swift */; };
		CAC816E921E67D5600EB3D8D /* LoadingScreenView.swift in Sources */ = {isa = PBXBuildFile; fileRef = CAC816E821E67D5600EB3D8D /* LoadingScreenView.swift */; };
		CACC021E21F65481004A33C6 /* ResponseProtocol.swift in Sources */ = {isa = PBXBuildFile; fileRef = CACC021D21F65481004A33C6 /* ResponseProtocol.swift */; };
		CAF3A08521ECD66000B33AB5 /* R.generated.swift in Sources */ = {isa = PBXBuildFile; fileRef = CAF3A08421ECD66000B33AB5 /* R.generated.swift */; };
		CAF3A08721ECDEE700B33AB5 /* Typography.swift in Sources */ = {isa = PBXBuildFile; fileRef = CAF3A08621ECDEE700B33AB5 /* Typography.swift */; };
		CAF3A08B21ECF32400B33AB5 /* UIConstants.swift in Sources */ = {isa = PBXBuildFile; fileRef = CAF3A08A21ECF32400B33AB5 /* UIConstants.swift */; };
		D049A06A4BD4198509CDA036 /* Pods_StarWarsApp_StarWarsAppTests.framework in Frameworks */ = {isa = PBXBuildFile; fileRef = 09AA9FFE807ACC36EE7F6DE6 /* Pods_StarWarsApp_StarWarsAppTests.framework */; };
/* End PBXBuildFile section */

/* Begin PBXContainerItemProxy section */
		CA752C9321F0C07F00B4C3F3 /* PBXContainerItemProxy */ = {
			isa = PBXContainerItemProxy;
			containerPortal = CA12BA0021E39CA400DF6CC5 /* Project object */;
			proxyType = 1;
			remoteGlobalIDString = CA12BA0721E39CA400DF6CC5;
			remoteInfo = StarWarsApp;
		};
		CA752CA321F0CF1800B4C3F3 /* PBXContainerItemProxy */ = {
			isa = PBXContainerItemProxy;
			containerPortal = CA12BA0021E39CA400DF6CC5 /* Project object */;
			proxyType = 1;
			remoteGlobalIDString = CA12BA0721E39CA400DF6CC5;
			remoteInfo = StarWarsApp;
		};
/* End PBXContainerItemProxy section */

/* Begin PBXFileReference section */
		09AA9FFE807ACC36EE7F6DE6 /* Pods_StarWarsApp_StarWarsAppTests.framework */ = {isa = PBXFileReference; explicitFileType = wrapper.framework; includeInIndex = 0; path = Pods_StarWarsApp_StarWarsAppTests.framework; sourceTree = BUILT_PRODUCTS_DIR; };
		45CC1E6C5EAAB5ABAE457423 /* Pods-StarWarsApp.release.xcconfig */ = {isa = PBXFileReference; includeInIndex = 1; lastKnownFileType = text.xcconfig; name = "Pods-StarWarsApp.release.xcconfig"; path = "Pods/Target Support Files/Pods-StarWarsApp/Pods-StarWarsApp.release.xcconfig"; sourceTree = "<group>"; };
		6EC83A950965053095D128F8 /* Pods-StarWarsApp.debug.xcconfig */ = {isa = PBXFileReference; includeInIndex = 1; lastKnownFileType = text.xcconfig; name = "Pods-StarWarsApp.debug.xcconfig"; path = "Pods/Target Support Files/Pods-StarWarsApp/Pods-StarWarsApp.debug.xcconfig"; sourceTree = "<group>"; };
		8A5A9CE53F17CDC831CBD827 /* Pods_StarWarsApp.framework */ = {isa = PBXFileReference; explicitFileType = wrapper.framework; includeInIndex = 0; path = Pods_StarWarsApp.framework; sourceTree = BUILT_PRODUCTS_DIR; };
		A9006C1B9318CBB86444D67B /* Pods-StarWarsAppTests.debug.xcconfig */ = {isa = PBXFileReference; includeInIndex = 1; lastKnownFileType = text.xcconfig; name = "Pods-StarWarsAppTests.debug.xcconfig"; path = "Pods/Target Support Files/Pods-StarWarsAppTests/Pods-StarWarsAppTests.debug.xcconfig"; sourceTree = "<group>"; };
		B4157F9A4AC92B9A82DA65A2 /* Pods-StarWarsApp-StarWarsAppTests.debug.xcconfig */ = {isa = PBXFileReference; includeInIndex = 1; lastKnownFileType = text.xcconfig; name = "Pods-StarWarsApp-StarWarsAppTests.debug.xcconfig"; path = "Pods/Target Support Files/Pods-StarWarsApp-StarWarsAppTests/Pods-StarWarsApp-StarWarsAppTests.debug.xcconfig"; sourceTree = "<group>"; };
		CA12BA0821E39CA400DF6CC5 /* StarWarsApp.app */ = {isa = PBXFileReference; explicitFileType = wrapper.application; includeInIndex = 0; path = StarWarsApp.app; sourceTree = BUILT_PRODUCTS_DIR; };
		CA12BA0B21E39CA400DF6CC5 /* AppDelegate.swift */ = {isa = PBXFileReference; lastKnownFileType = sourcecode.swift; path = AppDelegate.swift; sourceTree = "<group>"; };
		CA12BA1721E39CA500DF6CC5 /* Info.plist */ = {isa = PBXFileReference; lastKnownFileType = text.plist.xml; path = Info.plist; sourceTree = "<group>"; };
		CA12BA2421E3A4A400DF6CC5 /* Person.swift */ = {isa = PBXFileReference; lastKnownFileType = sourcecode.swift; path = Person.swift; sourceTree = "<group>"; };
		CA12BA2621E3A77100DF6CC5 /* Starship.swift */ = {isa = PBXFileReference; lastKnownFileType = sourcecode.swift; path = Starship.swift; sourceTree = "<group>"; };
		CA12BA2821E3A8AB00DF6CC5 /* Specie.swift */ = {isa = PBXFileReference; lastKnownFileType = sourcecode.swift; path = Specie.swift; sourceTree = "<group>"; };
		CA12BA2D21E3AB1100DF6CC5 /* PeopleTableViewModel.swift */ = {isa = PBXFileReference; lastKnownFileType = sourcecode.swift; path = PeopleTableViewModel.swift; sourceTree = "<group>"; };
		CA12BA2F21E3AB5500DF6CC5 /* PeopleTableViewController.swift */ = {isa = PBXFileReference; lastKnownFileType = sourcecode.swift; path = PeopleTableViewController.swift; sourceTree = "<group>"; };
		CA12BA3221E3ABE400DF6CC5 /* StarshipsTableViewController.swift */ = {isa = PBXFileReference; lastKnownFileType = sourcecode.swift; path = StarshipsTableViewController.swift; sourceTree = "<group>"; };
		CA12BA3421E3AC0100DF6CC5 /* StarshipsTableViewModel.swift */ = {isa = PBXFileReference; lastKnownFileType = sourcecode.swift; path = StarshipsTableViewModel.swift; sourceTree = "<group>"; };
		CA12BA3721E3AC1600DF6CC5 /* SpeciesTableViewModel.swift */ = {isa = PBXFileReference; lastKnownFileType = sourcecode.swift; path = SpeciesTableViewModel.swift; sourceTree = "<group>"; };
		CA12BA3921E3AC2000DF6CC5 /* SpeciesTableViewController.swift */ = {isa = PBXFileReference; lastKnownFileType = sourcecode.swift; path = SpeciesTableViewController.swift; sourceTree = "<group>"; };
		CA12BA3C21E3AC4300DF6CC5 /* PersonViewController.swift */ = {isa = PBXFileReference; lastKnownFileType = sourcecode.swift; path = PersonViewController.swift; sourceTree = "<group>"; };
		CA12BA3E21E3AC4F00DF6CC5 /* PersonViewModel.swift */ = {isa = PBXFileReference; lastKnownFileType = sourcecode.swift; path = PersonViewModel.swift; sourceTree = "<group>"; };
		CA12BA4121E3AC6600DF6CC5 /* StarshipViewModel.swift */ = {isa = PBXFileReference; lastKnownFileType = sourcecode.swift; path = StarshipViewModel.swift; sourceTree = "<group>"; };
		CA12BA4321E3AC7100DF6CC5 /* StarshipViewController.swift */ = {isa = PBXFileReference; lastKnownFileType = sourcecode.swift; path = StarshipViewController.swift; sourceTree = "<group>"; };
		CA12BA4621E3AC8600DF6CC5 /* SpecieViewController.swift */ = {isa = PBXFileReference; lastKnownFileType = sourcecode.swift; path = SpecieViewController.swift; sourceTree = "<group>"; };
		CA12BA4821E3AC9400DF6CC5 /* SpecieViewModel.swift */ = {isa = PBXFileReference; lastKnownFileType = sourcecode.swift; path = SpecieViewModel.swift; sourceTree = "<group>"; };
		CA752C8821EFCB7800B4C3F3 /* Response.swift */ = {isa = PBXFileReference; lastKnownFileType = sourcecode.swift; path = Response.swift; sourceTree = "<group>"; };
		CA752C8E21F0C07F00B4C3F3 /* StarWarsAppTests.xctest */ = {isa = PBXFileReference; explicitFileType = wrapper.cfbundle; includeInIndex = 0; path = StarWarsAppTests.xctest; sourceTree = BUILT_PRODUCTS_DIR; };
		CA752C9021F0C07F00B4C3F3 /* StarWarsAppPersonViewModelTests.swift */ = {isa = PBXFileReference; lastKnownFileType = sourcecode.swift; path = StarWarsAppPersonViewModelTests.swift; sourceTree = "<group>"; };
		CA752C9221F0C07F00B4C3F3 /* Info.plist */ = {isa = PBXFileReference; lastKnownFileType = text.plist.xml; path = Info.plist; sourceTree = "<group>"; };
		CA752C9E21F0CF1800B4C3F3 /* StarWarsAppUITests.xctest */ = {isa = PBXFileReference; explicitFileType = wrapper.cfbundle; includeInIndex = 0; path = StarWarsAppUITests.xctest; sourceTree = BUILT_PRODUCTS_DIR; };
		CA752CA821F0EEC400B4C3F3 /* StarWarsAppPeopleTableViewModelTests.swift */ = {isa = PBXFileReference; lastKnownFileType = sourcecode.swift; path = StarWarsAppPeopleTableViewModelTests.swift; sourceTree = "<group>"; };
		CA752CAC21F1322C00B4C3F3 /* APIClientInyectionProtocol.swift */ = {isa = PBXFileReference; lastKnownFileType = sourcecode.swift; path = APIClientInyectionProtocol.swift; sourceTree = "<group>"; };
		CA752CAE21F21EBF00B4C3F3 /* PeopleAPI.swift */ = {isa = PBXFileReference; lastKnownFileType = sourcecode.swift; path = PeopleAPI.swift; sourceTree = "<group>"; };
		CA752CB021F21FA300B4C3F3 /* PlanetAPI.swift */ = {isa = PBXFileReference; lastKnownFileType = sourcecode.swift; path = PlanetAPI.swift; sourceTree = "<group>"; };
		CA752CB221F2252700B4C3F3 /* ApplicationError.swift */ = {isa = PBXFileReference; lastKnownFileType = sourcecode.swift; path = ApplicationError.swift; sourceTree = "<group>"; };
		CA752CB821F239C700B4C3F3 /* Reactive+ScrollViewBottomReached.swift */ = {isa = PBXFileReference; lastKnownFileType = sourcecode.swift; path = "Reactive+ScrollViewBottomReached.swift"; sourceTree = "<group>"; };
		CA752CBB21F25BC600B4C3F3 /* ActivityIndicator.swift */ = {isa = PBXFileReference; lastKnownFileType = sourcecode.swift; path = ActivityIndicator.swift; sourceTree = "<group>"; };
		CA752CC121F27F3C00B4C3F3 /* String+ResourceIndex.swift */ = {isa = PBXFileReference; lastKnownFileType = sourcecode.swift; path = "String+ResourceIndex.swift"; sourceTree = "<group>"; };
		CA752CC321F285ED00B4C3F3 /* PeopleTableViewController+Layout.swift */ = {isa = PBXFileReference; lastKnownFileType = sourcecode.swift; path = "PeopleTableViewController+Layout.swift"; sourceTree = "<group>"; };
		CA752CC521F286C500B4C3F3 /* PersonViewController+Layout.swift */ = {isa = PBXFileReference; lastKnownFileType = sourcecode.swift; path = "PersonViewController+Layout.swift"; sourceTree = "<group>"; };
		CA83D53D21E7FDE900EBC98C /* PlanetResponse.swift */ = {isa = PBXFileReference; lastKnownFileType = sourcecode.swift; path = PlanetResponse.swift; sourceTree = "<group>"; };
		CA83D53F21E7FEF800EBC98C /* PaginatedAPIResponseProtocol.swift */ = {isa = PBXFileReference; lastKnownFileType = sourcecode.swift; path = PaginatedAPIResponseProtocol.swift; sourceTree = "<group>"; };
		CAA3881C21E8F6A600332328 /* StarJediSpecialEdition.ttf */ = {isa = PBXFileReference; lastKnownFileType = file; path = StarJediSpecialEdition.ttf; sourceTree = "<group>"; };
		CAA828AE21EE79A900027BAD /* Main.storyboard */ = {isa = PBXFileReference; fileEncoding = 4; lastKnownFileType = file.storyboard; path = Main.storyboard; sourceTree = "<group>"; };
		CAA828B021EE79CA00027BAD /* LaunchScreen.storyboard */ = {isa = PBXFileReference; fileEncoding = 4; lastKnownFileType = file.storyboard; path = LaunchScreen.storyboard; sourceTree = "<group>"; };
		CAA828C221EE7D5400027BAD /* en */ = {isa = PBXFileReference; lastKnownFileType = text.plist.strings; name = en; path = Localizable.strings; sourceTree = "<group>"; };
		CAC816C021E3EECF00EB3D8D /* Images.xcassets */ = {isa = PBXFileReference; lastKnownFileType = folder.assetcatalog; path = Images.xcassets; sourceTree = "<group>"; };
		CAC816C221E3FC9F00EB3D8D /* PeopleTableViewCell.swift */ = {isa = PBXFileReference; lastKnownFileType = sourcecode.swift; path = PeopleTableViewCell.swift; sourceTree = "<group>"; };
		CAC816C821E41BD700EB3D8D /* ResourceProtocol.swift */ = {isa = PBXFileReference; lastKnownFileType = sourcecode.swift; path = ResourceProtocol.swift; sourceTree = "<group>"; };
		CAC816CE21E4EB6700EB3D8D /* APIClient.swift */ = {isa = PBXFileReference; lastKnownFileType = sourcecode.swift; path = APIClient.swift; sourceTree = "<group>"; };
		CAC816D421E52C1800EB3D8D /* PeopleResponse.swift */ = {isa = PBXFileReference; lastKnownFileType = sourcecode.swift; path = PeopleResponse.swift; sourceTree = "<group>"; };
		CAC816E821E67D5600EB3D8D /* LoadingScreenView.swift */ = {isa = PBXFileReference; lastKnownFileType = sourcecode.swift; path = LoadingScreenView.swift; sourceTree = "<group>"; };
		CACC021D21F65481004A33C6 /* ResponseProtocol.swift */ = {isa = PBXFileReference; lastKnownFileType = sourcecode.swift; path = ResponseProtocol.swift; sourceTree = "<group>"; };
		CAF3A08421ECD66000B33AB5 /* R.generated.swift */ = {isa = PBXFileReference; fileEncoding = 4; lastKnownFileType = sourcecode.swift; path = R.generated.swift; sourceTree = SOURCE_ROOT; };
		CAF3A08621ECDEE700B33AB5 /* Typography.swift */ = {isa = PBXFileReference; lastKnownFileType = sourcecode.swift; path = Typography.swift; sourceTree = "<group>"; };
		CAF3A08A21ECF32400B33AB5 /* UIConstants.swift */ = {isa = PBXFileReference; lastKnownFileType = sourcecode.swift; path = UIConstants.swift; sourceTree = "<group>"; };
		E9A8C9231DBE11944A6D021A /* Pods-StarWarsAppTests.release.xcconfig */ = {isa = PBXFileReference; includeInIndex = 1; lastKnownFileType = text.xcconfig; name = "Pods-StarWarsAppTests.release.xcconfig"; path = "Pods/Target Support Files/Pods-StarWarsAppTests/Pods-StarWarsAppTests.release.xcconfig"; sourceTree = "<group>"; };
		F7F3992551FB35F2185195E5 /* Pods_StarWarsAppTests.framework */ = {isa = PBXFileReference; explicitFileType = wrapper.framework; includeInIndex = 0; path = Pods_StarWarsAppTests.framework; sourceTree = BUILT_PRODUCTS_DIR; };
		FB9D06AB24CAD96C803C807C /* Pods-StarWarsApp-StarWarsAppTests.release.xcconfig */ = {isa = PBXFileReference; includeInIndex = 1; lastKnownFileType = text.xcconfig; name = "Pods-StarWarsApp-StarWarsAppTests.release.xcconfig"; path = "Pods/Target Support Files/Pods-StarWarsApp-StarWarsAppTests/Pods-StarWarsApp-StarWarsAppTests.release.xcconfig"; sourceTree = "<group>"; };
/* End PBXFileReference section */

/* Begin PBXFrameworksBuildPhase section */
		CA12BA0521E39CA400DF6CC5 /* Frameworks */ = {
			isa = PBXFrameworksBuildPhase;
			buildActionMask = 2147483647;
			files = (
				AC483E05568E9CF716D3B142 /* Pods_StarWarsApp.framework in Frameworks */,
			);
			runOnlyForDeploymentPostprocessing = 0;
		};
		CA752C8B21F0C07F00B4C3F3 /* Frameworks */ = {
			isa = PBXFrameworksBuildPhase;
			buildActionMask = 2147483647;
			files = (
				097F61C07055A690A7277EE9 /* Pods_StarWarsAppTests.framework in Frameworks */,
				D049A06A4BD4198509CDA036 /* Pods_StarWarsApp_StarWarsAppTests.framework in Frameworks */,
			);
			runOnlyForDeploymentPostprocessing = 0;
		};
		CA752C9B21F0CF1800B4C3F3 /* Frameworks */ = {
			isa = PBXFrameworksBuildPhase;
			buildActionMask = 2147483647;
			files = (
			);
			runOnlyForDeploymentPostprocessing = 0;
		};
/* End PBXFrameworksBuildPhase section */

/* Begin PBXGroup section */
		26A75D4FE084723B4888A195 /* Pods */ = {
			isa = PBXGroup;
			children = (
				6EC83A950965053095D128F8 /* Pods-StarWarsApp.debug.xcconfig */,
				45CC1E6C5EAAB5ABAE457423 /* Pods-StarWarsApp.release.xcconfig */,
				A9006C1B9318CBB86444D67B /* Pods-StarWarsAppTests.debug.xcconfig */,
				E9A8C9231DBE11944A6D021A /* Pods-StarWarsAppTests.release.xcconfig */,
				B4157F9A4AC92B9A82DA65A2 /* Pods-StarWarsApp-StarWarsAppTests.debug.xcconfig */,
				FB9D06AB24CAD96C803C807C /* Pods-StarWarsApp-StarWarsAppTests.release.xcconfig */,
			);
			name = Pods;
			sourceTree = "<group>";
		};
		96566964BFDA1EEF69B05576 /* Frameworks */ = {
			isa = PBXGroup;
			children = (
				8A5A9CE53F17CDC831CBD827 /* Pods_StarWarsApp.framework */,
				F7F3992551FB35F2185195E5 /* Pods_StarWarsAppTests.framework */,
				09AA9FFE807ACC36EE7F6DE6 /* Pods_StarWarsApp_StarWarsAppTests.framework */,
			);
			name = Frameworks;
			sourceTree = "<group>";
		};
		CA12B9FF21E39CA400DF6CC5 = {
			isa = PBXGroup;
			children = (
				CA12BA0A21E39CA400DF6CC5 /* StarWarsApp */,
				CA752C8F21F0C07F00B4C3F3 /* StarWarsAppTests */,
				CA12BA0921E39CA400DF6CC5 /* Products */,
				26A75D4FE084723B4888A195 /* Pods */,
				96566964BFDA1EEF69B05576 /* Frameworks */,
			);
			sourceTree = "<group>";
		};
		CA12BA0921E39CA400DF6CC5 /* Products */ = {
			isa = PBXGroup;
			children = (
				CA12BA0821E39CA400DF6CC5 /* StarWarsApp.app */,
				CA752C8E21F0C07F00B4C3F3 /* StarWarsAppTests.xctest */,
				CA752C9E21F0CF1800B4C3F3 /* StarWarsAppUITests.xctest */,
			);
			name = Products;
			sourceTree = "<group>";
		};
		CA12BA0A21E39CA400DF6CC5 /* StarWarsApp */ = {
			isa = PBXGroup;
			children = (
				CAC816E421E6454600EB3D8D /* Protocols */,
				CAA828BE21EE7D1A00027BAD /* Resources */,
				CA12BA2321E39DA600DF6CC5 /* Supporting files */,
				CA12BA2221E39D9500DF6CC5 /* Helpers */,
				CA12BA2121E39D8500DF6CC5 /* Application */,
				CA12BA1E21E39D5C00DF6CC5 /* Views */,
				CA12BA1D21E39D5700DF6CC5 /* Models */,
				CA12BA1721E39CA500DF6CC5 /* Info.plist */,
				CAA828AE21EE79A900027BAD /* Main.storyboard */,
				CAA828B021EE79CA00027BAD /* LaunchScreen.storyboard */,
				CAF3A08421ECD66000B33AB5 /* R.generated.swift */,
			);
			path = StarWarsApp;
			sourceTree = "<group>";
		};
		CA12BA1D21E39D5700DF6CC5 /* Models */ = {
			isa = PBXGroup;
			children = (
				CAC816D121E52B2E00EB3D8D /* Networking */,
				CAC816D021E52B2100EB3D8D /* Application */,
			);
			path = Models;
			sourceTree = "<group>";
		};
		CA12BA1E21E39D5C00DF6CC5 /* Views */ = {
			isa = PBXGroup;
			children = (
				CA752CB621F2395200B4C3F3 /* DetailViews */,
				CA752CB521F2394A00B4C3F3 /* TableViews */,
				CAC816E721E67D2800EB3D8D /* LoadingScreenView */,
			);
			path = Views;
			sourceTree = "<group>";
		};
		CA12BA2121E39D8500DF6CC5 /* Application */ = {
			isa = PBXGroup;
			children = (
				CAC816CE21E4EB6700EB3D8D /* APIClient.swift */,
				CA12BA0B21E39CA400DF6CC5 /* AppDelegate.swift */,
			);
			path = Application;
			sourceTree = "<group>";
		};
		CA12BA2221E39D9500DF6CC5 /* Helpers */ = {
			isa = PBXGroup;
			children = (
				CA752CBA21F25AD900B4C3F3 /* Reactive */,
				CA752CB721F2398700B4C3F3 /* Extensions */,
				CAA3881B21E8F5D500332328 /* Fonts */,
				CAC816DC21E63A2D00EB3D8D /* Constants */,
				CAC816DF21E63B4500EB3D8D /* Networking */,
			);
			path = Helpers;
			sourceTree = "<group>";
		};
		CA12BA2321E39DA600DF6CC5 /* Supporting files */ = {
			isa = PBXGroup;
			children = (
				CAC816C021E3EECF00EB3D8D /* Images.xcassets */,
			);
			path = "Supporting files";
			sourceTree = "<group>";
		};
		CA12BA2A21E3A92000DF6CC5 /* PeopleTableView */ = {
			isa = PBXGroup;
			children = (
				CA12BA2D21E3AB1100DF6CC5 /* PeopleTableViewModel.swift */,
				CA12BA2F21E3AB5500DF6CC5 /* PeopleTableViewController.swift */,
				CAC816C221E3FC9F00EB3D8D /* PeopleTableViewCell.swift */,
				CA752CAE21F21EBF00B4C3F3 /* PeopleAPI.swift */,
				CA752CC321F285ED00B4C3F3 /* PeopleTableViewController+Layout.swift */,
			);
			path = PeopleTableView;
			sourceTree = "<group>";
		};
		CA12BA3121E3AB6200DF6CC5 /* StarshipsTableView */ = {
			isa = PBXGroup;
			children = (
				CA12BA3221E3ABE400DF6CC5 /* StarshipsTableViewController.swift */,
				CA12BA3421E3AC0100DF6CC5 /* StarshipsTableViewModel.swift */,
			);
			path = StarshipsTableView;
			sourceTree = "<group>";
		};
		CA12BA3621E3AC0600DF6CC5 /* SpeciesTableView */ = {
			isa = PBXGroup;
			children = (
				CA12BA3721E3AC1600DF6CC5 /* SpeciesTableViewModel.swift */,
				CA12BA3921E3AC2000DF6CC5 /* SpeciesTableViewController.swift */,
			);
			path = SpeciesTableView;
			sourceTree = "<group>";
		};
		CA12BA3B21E3AC2600DF6CC5 /* PersonView */ = {
			isa = PBXGroup;
			children = (
				CA12BA3C21E3AC4300DF6CC5 /* PersonViewController.swift */,
				CA12BA3E21E3AC4F00DF6CC5 /* PersonViewModel.swift */,
				CA752CB021F21FA300B4C3F3 /* PlanetAPI.swift */,
				CA752CC521F286C500B4C3F3 /* PersonViewController+Layout.swift */,
			);
			path = PersonView;
			sourceTree = "<group>";
		};
		CA12BA4021E3AC5400DF6CC5 /* StarshipView */ = {
			isa = PBXGroup;
			children = (
				CA12BA4121E3AC6600DF6CC5 /* StarshipViewModel.swift */,
				CA12BA4321E3AC7100DF6CC5 /* StarshipViewController.swift */,
			);
			path = StarshipView;
			sourceTree = "<group>";
		};
		CA12BA4521E3AC7400DF6CC5 /* SpecieView */ = {
			isa = PBXGroup;
			children = (
				CA12BA4621E3AC8600DF6CC5 /* SpecieViewController.swift */,
				CA12BA4821E3AC9400DF6CC5 /* SpecieViewModel.swift */,
			);
			path = SpecieView;
			sourceTree = "<group>";
		};
		CA752C8F21F0C07F00B4C3F3 /* StarWarsAppTests */ = {
			isa = PBXGroup;
			children = (
				CA752C9021F0C07F00B4C3F3 /* StarWarsAppPersonViewModelTests.swift */,
				CA752C9221F0C07F00B4C3F3 /* Info.plist */,
				CA752CA821F0EEC400B4C3F3 /* StarWarsAppPeopleTableViewModelTests.swift */,
			);
			path = StarWarsAppTests;
			sourceTree = "<group>";
		};
		CA752CB521F2394A00B4C3F3 /* TableViews */ = {
			isa = PBXGroup;
			children = (
				CA12BA2A21E3A92000DF6CC5 /* PeopleTableView */,
				CA12BA3121E3AB6200DF6CC5 /* StarshipsTableView */,
				CA12BA3621E3AC0600DF6CC5 /* SpeciesTableView */,
			);
			path = TableViews;
			sourceTree = "<group>";
		};
		CA752CB621F2395200B4C3F3 /* DetailViews */ = {
			isa = PBXGroup;
			children = (
				CA12BA4021E3AC5400DF6CC5 /* StarshipView */,
				CA12BA4521E3AC7400DF6CC5 /* SpecieView */,
				CA12BA3B21E3AC2600DF6CC5 /* PersonView */,
			);
			path = DetailViews;
			sourceTree = "<group>";
		};
		CA752CB721F2398700B4C3F3 /* Extensions */ = {
			isa = PBXGroup;
			children = (
				CA752CB821F239C700B4C3F3 /* Reactive+ScrollViewBottomReached.swift */,
				CA752CC121F27F3C00B4C3F3 /* String+ResourceIndex.swift */,
			);
			path = Extensions;
			sourceTree = "<group>";
		};
		CA752CBA21F25AD900B4C3F3 /* Reactive */ = {
			isa = PBXGroup;
			children = (
				CA752CBB21F25BC600B4C3F3 /* ActivityIndicator.swift */,
			);
			path = Reactive;
			sourceTree = "<group>";
		};
		CAA3881B21E8F5D500332328 /* Fonts */ = {
			isa = PBXGroup;
			children = (
				CAA3881C21E8F6A600332328 /* StarJediSpecialEdition.ttf */,
				CAF3A08621ECDEE700B33AB5 /* Typography.swift */,
			);
			path = Fonts;
			sourceTree = "<group>";
		};
		CAA828BE21EE7D1A00027BAD /* Resources */ = {
			isa = PBXGroup;
			children = (
				CAA828BF21EE7D2700027BAD /* Translations */,
			);
			path = Resources;
			sourceTree = "<group>";
		};
		CAA828BF21EE7D2700027BAD /* Translations */ = {
			isa = PBXGroup;
			children = (
				CAA828C021EE7D2E00027BAD /* en.lproj */,
			);
			path = Translations;
			sourceTree = "<group>";
		};
		CAA828C021EE7D2E00027BAD /* en.lproj */ = {
			isa = PBXGroup;
			children = (
				CAA828C121EE7D5400027BAD /* Localizable.strings */,
			);
			path = en.lproj;
			sourceTree = "<group>";
		};
		CAC816D021E52B2100EB3D8D /* Application */ = {
			isa = PBXGroup;
			children = (
				CA12BA2421E3A4A400DF6CC5 /* Person.swift */,
				CA12BA2621E3A77100DF6CC5 /* Starship.swift */,
				CA12BA2821E3A8AB00DF6CC5 /* Specie.swift */,
			);
			path = Application;
			sourceTree = "<group>";
		};
		CAC816D121E52B2E00EB3D8D /* Networking */ = {
			isa = PBXGroup;
			children = (
				CAC816D421E52C1800EB3D8D /* PeopleResponse.swift */,
				CA83D53D21E7FDE900EBC98C /* PlanetResponse.swift */,
			);
			path = Networking;
			sourceTree = "<group>";
		};
		CAC816DC21E63A2D00EB3D8D /* Constants */ = {
			isa = PBXGroup;
			children = (
				CAF3A08A21ECF32400B33AB5 /* UIConstants.swift */,
				CA752CB221F2252700B4C3F3 /* ApplicationError.swift */,
			);
			path = Constants;
			sourceTree = "<group>";
		};
		CAC816DF21E63B4500EB3D8D /* Networking */ = {
			isa = PBXGroup;
			children = (
				CAC816C821E41BD700EB3D8D /* ResourceProtocol.swift */,
				CA752C8821EFCB7800B4C3F3 /* Response.swift */,
				CACC021D21F65481004A33C6 /* ResponseProtocol.swift */,
			);
			path = Networking;
			sourceTree = "<group>";
		};
		CAC816E421E6454600EB3D8D /* Protocols */ = {
			isa = PBXGroup;
			children = (
				CA83D53F21E7FEF800EBC98C /* PaginatedAPIResponseProtocol.swift */,
				CA752CAC21F1322C00B4C3F3 /* APIClientInyectionProtocol.swift */,
			);
			path = Protocols;
			sourceTree = "<group>";
		};
		CAC816E721E67D2800EB3D8D /* LoadingScreenView */ = {
			isa = PBXGroup;
			children = (
				CAC816E821E67D5600EB3D8D /* LoadingScreenView.swift */,
			);
			path = LoadingScreenView;
			sourceTree = "<group>";
		};
/* End PBXGroup section */

/* Begin PBXNativeTarget section */
		CA12BA0721E39CA400DF6CC5 /* StarWarsApp */ = {
			isa = PBXNativeTarget;
			buildConfigurationList = CA12BA1A21E39CA500DF6CC5 /* Build configuration list for PBXNativeTarget "StarWarsApp" */;
			buildPhases = (
				D4FF33E656023893D631F60D /* [CP] Check Pods Manifest.lock */,
				CAF3A08321ECD39700B33AB5 /* ShellScript */,
				CA12BA0421E39CA400DF6CC5 /* Sources */,
				CA12BA0521E39CA400DF6CC5 /* Frameworks */,
				CA12BA0621E39CA400DF6CC5 /* Resources */,
				CE5F7E7AC08C3F2AF3FE5572 /* [CP] Embed Pods Frameworks */,
				CACC021F21F67247004A33C6 /* ShellScript */,
			);
			buildRules = (
			);
			dependencies = (
			);
			name = StarWarsApp;
			productName = StarWarsApp;
			productReference = CA12BA0821E39CA400DF6CC5 /* StarWarsApp.app */;
			productType = "com.apple.product-type.application";
		};
		CA752C8D21F0C07F00B4C3F3 /* StarWarsAppTests */ = {
			isa = PBXNativeTarget;
			buildConfigurationList = CA752C9521F0C07F00B4C3F3 /* Build configuration list for PBXNativeTarget "StarWarsAppTests" */;
			buildPhases = (
				042F0BFE057ADF4057BF3450 /* [CP] Check Pods Manifest.lock */,
				CA752C8A21F0C07F00B4C3F3 /* Sources */,
				CA752C8B21F0C07F00B4C3F3 /* Frameworks */,
				CA752C8C21F0C07F00B4C3F3 /* Resources */,
				5E03035D55807FB2F17EE13C /* [CP] Embed Pods Frameworks */,
			);
			buildRules = (
			);
			dependencies = (
				CA752C9421F0C07F00B4C3F3 /* PBXTargetDependency */,
			);
			name = StarWarsAppTests;
			productName = StarWarsAppTests;
			productReference = CA752C8E21F0C07F00B4C3F3 /* StarWarsAppTests.xctest */;
			productType = "com.apple.product-type.bundle.unit-test";
		};
		CA752C9D21F0CF1800B4C3F3 /* StarWarsAppUITests */ = {
			isa = PBXNativeTarget;
			buildConfigurationList = CA752CA521F0CF1800B4C3F3 /* Build configuration list for PBXNativeTarget "StarWarsAppUITests" */;
			buildPhases = (
				CA752C9A21F0CF1800B4C3F3 /* Sources */,
				CA752C9B21F0CF1800B4C3F3 /* Frameworks */,
				CA752C9C21F0CF1800B4C3F3 /* Resources */,
			);
			buildRules = (
			);
			dependencies = (
				CA752CA421F0CF1800B4C3F3 /* PBXTargetDependency */,
			);
			name = StarWarsAppUITests;
			productName = StarWarsAppUITests;
			productReference = CA752C9E21F0CF1800B4C3F3 /* StarWarsAppUITests.xctest */;
			productType = "com.apple.product-type.bundle.ui-testing";
		};
/* End PBXNativeTarget section */

/* Begin PBXProject section */
		CA12BA0021E39CA400DF6CC5 /* Project object */ = {
			isa = PBXProject;
			attributes = {
				LastSwiftUpdateCheck = 1010;
				LastUpgradeCheck = 1010;
				ORGANIZATIONNAME = Josue;
				TargetAttributes = {
					CA12BA0721E39CA400DF6CC5 = {
						CreatedOnToolsVersion = 10.1;
					};
					CA752C8D21F0C07F00B4C3F3 = {
						CreatedOnToolsVersion = 10.1;
						TestTargetID = CA12BA0721E39CA400DF6CC5;
					};
					CA752C9D21F0CF1800B4C3F3 = {
						CreatedOnToolsVersion = 10.1;
						TestTargetID = CA12BA0721E39CA400DF6CC5;
					};
				};
			};
			buildConfigurationList = CA12BA0321E39CA400DF6CC5 /* Build configuration list for PBXProject "StarWarsApp" */;
			compatibilityVersion = "Xcode 9.3";
			developmentRegion = en;
			hasScannedForEncodings = 0;
			knownRegions = (
				en,
			);
			mainGroup = CA12B9FF21E39CA400DF6CC5;
			productRefGroup = CA12BA0921E39CA400DF6CC5 /* Products */;
			projectDirPath = "";
			projectRoot = "";
			targets = (
				CA12BA0721E39CA400DF6CC5 /* StarWarsApp */,
				CA752C8D21F0C07F00B4C3F3 /* StarWarsAppTests */,
				CA752C9D21F0CF1800B4C3F3 /* StarWarsAppUITests */,
			);
		};
/* End PBXProject section */

/* Begin PBXResourcesBuildPhase section */
		CA12BA0621E39CA400DF6CC5 /* Resources */ = {
			isa = PBXResourcesBuildPhase;
			buildActionMask = 2147483647;
			files = (
				CAA828C321EE7D5400027BAD /* Localizable.strings in Resources */,
				CAC816C121E3EECF00EB3D8D /* Images.xcassets in Resources */,
				CAA828B121EE79CA00027BAD /* LaunchScreen.storyboard in Resources */,
				CAA3881D21E8F6A600332328 /* StarJediSpecialEdition.ttf in Resources */,
				CAA828AF21EE79A900027BAD /* Main.storyboard in Resources */,
			);
			runOnlyForDeploymentPostprocessing = 0;
		};
		CA752C8C21F0C07F00B4C3F3 /* Resources */ = {
			isa = PBXResourcesBuildPhase;
			buildActionMask = 2147483647;
			files = (
			);
			runOnlyForDeploymentPostprocessing = 0;
		};
		CA752C9C21F0CF1800B4C3F3 /* Resources */ = {
			isa = PBXResourcesBuildPhase;
			buildActionMask = 2147483647;
			files = (
			);
			runOnlyForDeploymentPostprocessing = 0;
		};
/* End PBXResourcesBuildPhase section */

/* Begin PBXShellScriptBuildPhase section */
		042F0BFE057ADF4057BF3450 /* [CP] Check Pods Manifest.lock */ = {
			isa = PBXShellScriptBuildPhase;
			buildActionMask = 2147483647;
			files = (
			);
			inputFileListPaths = (
			);
			inputPaths = (
				"${PODS_PODFILE_DIR_PATH}/Podfile.lock",
				"${PODS_ROOT}/Manifest.lock",
			);
			name = "[CP] Check Pods Manifest.lock";
			outputFileListPaths = (
			);
			outputPaths = (
				"$(DERIVED_FILE_DIR)/Pods-StarWarsApp-StarWarsAppTests-checkManifestLockResult.txt",
			);
			runOnlyForDeploymentPostprocessing = 0;
			shellPath = /bin/sh;
			shellScript = "diff \"${PODS_PODFILE_DIR_PATH}/Podfile.lock\" \"${PODS_ROOT}/Manifest.lock\" > /dev/null\nif [ $? != 0 ] ; then\n    # print error to STDERR\n    echo \"error: The sandbox is not in sync with the Podfile.lock. Run 'pod install' or update your CocoaPods installation.\" >&2\n    exit 1\nfi\n# This output is used by Xcode 'outputs' to avoid re-running this script phase.\necho \"SUCCESS\" > \"${SCRIPT_OUTPUT_FILE_0}\"\n";
			showEnvVarsInLog = 0;
		};
		5E03035D55807FB2F17EE13C /* [CP] Embed Pods Frameworks */ = {
			isa = PBXShellScriptBuildPhase;
			buildActionMask = 2147483647;
			files = (
			);
			inputFileListPaths = (
			);
			inputPaths = (
				"${SRCROOT}/Pods/Target Support Files/Pods-StarWarsApp-StarWarsAppTests/Pods-StarWarsApp-StarWarsAppTests-frameworks.sh",
				"${BUILT_PRODUCTS_DIR}/R.swift.Library/Rswift.framework",
				"${BUILT_PRODUCTS_DIR}/RxAtomic/RxAtomic.framework",
				"${BUILT_PRODUCTS_DIR}/RxCocoa/RxCocoa.framework",
				"${BUILT_PRODUCTS_DIR}/RxSwift/RxSwift.framework",
				"${BUILT_PRODUCTS_DIR}/RxBlocking/RxBlocking.framework",
				"${BUILT_PRODUCTS_DIR}/RxTest/RxTest.framework",
			);
			name = "[CP] Embed Pods Frameworks";
			outputFileListPaths = (
			);
			outputPaths = (
				"${TARGET_BUILD_DIR}/${FRAMEWORKS_FOLDER_PATH}/Rswift.framework",
				"${TARGET_BUILD_DIR}/${FRAMEWORKS_FOLDER_PATH}/RxAtomic.framework",
				"${TARGET_BUILD_DIR}/${FRAMEWORKS_FOLDER_PATH}/RxCocoa.framework",
				"${TARGET_BUILD_DIR}/${FRAMEWORKS_FOLDER_PATH}/RxSwift.framework",
				"${TARGET_BUILD_DIR}/${FRAMEWORKS_FOLDER_PATH}/RxBlocking.framework",
				"${TARGET_BUILD_DIR}/${FRAMEWORKS_FOLDER_PATH}/RxTest.framework",
			);
			runOnlyForDeploymentPostprocessing = 0;
			shellPath = /bin/sh;
			shellScript = "\"${SRCROOT}/Pods/Target Support Files/Pods-StarWarsApp-StarWarsAppTests/Pods-StarWarsApp-StarWarsAppTests-frameworks.sh\"\n";
			showEnvVarsInLog = 0;
		};
		CACC021F21F67247004A33C6 /* ShellScript */ = {
			isa = PBXShellScriptBuildPhase;
			buildActionMask = 2147483647;
			files = (
			);
			inputFileListPaths = (
			);
			inputPaths = (
			);
			outputFileListPaths = (
			);
			outputPaths = (
			);
			runOnlyForDeploymentPostprocessing = 0;
			shellPath = /bin/sh;
			shellScript = "\"${PODS_ROOT}/SwiftLint/swiftlint\"\n";
		};
		CAF3A08321ECD39700B33AB5 /* ShellScript */ = {
			isa = PBXShellScriptBuildPhase;
			buildActionMask = 2147483647;
			files = (
			);
			inputFileListPaths = (
			);
			inputPaths = (
				"$(TEMP_DIR)/rswift-lastrun",
			);
			outputFileListPaths = (
			);
			outputPaths = (
				"$(SRCROOT)/R.generated.swift",
			);
			runOnlyForDeploymentPostprocessing = 0;
			shellPath = /bin/sh;
			shellScript = "# Type a script or drag a script file from your workspace to insert its path.\n\"$PODS_ROOT/R.swift/rswift\" generate \"$SRCROOT/R.generated.swift\"\n";
		};
		CE5F7E7AC08C3F2AF3FE5572 /* [CP] Embed Pods Frameworks */ = {
			isa = PBXShellScriptBuildPhase;
			buildActionMask = 2147483647;
			files = (
			);
			inputFileListPaths = (
			);
			inputPaths = (
				"${SRCROOT}/Pods/Target Support Files/Pods-StarWarsApp/Pods-StarWarsApp-frameworks.sh",
				"${BUILT_PRODUCTS_DIR}/R.swift.Library/Rswift.framework",
				"${BUILT_PRODUCTS_DIR}/RxAtomic/RxAtomic.framework",
				"${BUILT_PRODUCTS_DIR}/RxCocoa/RxCocoa.framework",
				"${BUILT_PRODUCTS_DIR}/RxSwift/RxSwift.framework",
			);
			name = "[CP] Embed Pods Frameworks";
			outputFileListPaths = (
			);
			outputPaths = (
				"${TARGET_BUILD_DIR}/${FRAMEWORKS_FOLDER_PATH}/Rswift.framework",
				"${TARGET_BUILD_DIR}/${FRAMEWORKS_FOLDER_PATH}/RxAtomic.framework",
				"${TARGET_BUILD_DIR}/${FRAMEWORKS_FOLDER_PATH}/RxCocoa.framework",
				"${TARGET_BUILD_DIR}/${FRAMEWORKS_FOLDER_PATH}/RxSwift.framework",
			);
			runOnlyForDeploymentPostprocessing = 0;
			shellPath = /bin/sh;
			shellScript = "\"${SRCROOT}/Pods/Target Support Files/Pods-StarWarsApp/Pods-StarWarsApp-frameworks.sh\"\n";
			showEnvVarsInLog = 0;
		};
		D4FF33E656023893D631F60D /* [CP] Check Pods Manifest.lock */ = {
			isa = PBXShellScriptBuildPhase;
			buildActionMask = 2147483647;
			files = (
			);
			inputFileListPaths = (
			);
			inputPaths = (
				"${PODS_PODFILE_DIR_PATH}/Podfile.lock",
				"${PODS_ROOT}/Manifest.lock",
			);
			name = "[CP] Check Pods Manifest.lock";
			outputFileListPaths = (
			);
			outputPaths = (
				"$(DERIVED_FILE_DIR)/Pods-StarWarsApp-checkManifestLockResult.txt",
			);
			runOnlyForDeploymentPostprocessing = 0;
			shellPath = /bin/sh;
			shellScript = "diff \"${PODS_PODFILE_DIR_PATH}/Podfile.lock\" \"${PODS_ROOT}/Manifest.lock\" > /dev/null\nif [ $? != 0 ] ; then\n    # print error to STDERR\n    echo \"error: The sandbox is not in sync with the Podfile.lock. Run 'pod install' or update your CocoaPods installation.\" >&2\n    exit 1\nfi\n# This output is used by Xcode 'outputs' to avoid re-running this script phase.\necho \"SUCCESS\" > \"${SCRIPT_OUTPUT_FILE_0}\"\n";
			showEnvVarsInLog = 0;
		};
/* End PBXShellScriptBuildPhase section */

/* Begin PBXSourcesBuildPhase section */
		CA12BA0421E39CA400DF6CC5 /* Sources */ = {
			isa = PBXSourcesBuildPhase;
			buildActionMask = 2147483647;
			files = (
				CA12BA3321E3ABE400DF6CC5 /* StarshipsTableViewController.swift in Sources */,
				CAF3A08721ECDEE700B33AB5 /* Typography.swift in Sources */,
				CAF3A08521ECD66000B33AB5 /* R.generated.swift in Sources */,
				CA752CAD21F1322D00B4C3F3 /* APIClientInyectionProtocol.swift in Sources */,
				CA12BA3521E3AC0100DF6CC5 /* StarshipsTableViewModel.swift in Sources */,
				CAC816CF21E4EB6700EB3D8D /* APIClient.swift in Sources */,
				CA752CC421F285ED00B4C3F3 /* PeopleTableViewController+Layout.swift in Sources */,
				CA12BA2921E3A8AB00DF6CC5 /* Specie.swift in Sources */,
				CA12BA2521E3A4A400DF6CC5 /* Person.swift in Sources */,
				CA752CB121F21FA300B4C3F3 /* PlanetAPI.swift in Sources */,
				CA752CB921F239C700B4C3F3 /* Reactive+ScrollViewBottomReached.swift in Sources */,
				CA12BA3A21E3AC2000DF6CC5 /* SpeciesTableViewController.swift in Sources */,
				CA12BA3F21E3AC4F00DF6CC5 /* PersonViewModel.swift in Sources */,
				CA12BA2E21E3AB1100DF6CC5 /* PeopleTableViewModel.swift in Sources */,
				CAC816C921E41BD800EB3D8D /* ResourceProtocol.swift in Sources */,
				CAF3A08B21ECF32400B33AB5 /* UIConstants.swift in Sources */,
				CA752CBC21F25BC600B4C3F3 /* ActivityIndicator.swift in Sources */,
				CA12BA4921E3AC9400DF6CC5 /* SpecieViewModel.swift in Sources */,
				CA83D53E21E7FDE900EBC98C /* PlanetResponse.swift in Sources */,
				CA752CC221F27F3C00B4C3F3 /* String+ResourceIndex.swift in Sources */,
				CA12BA3821E3AC1600DF6CC5 /* SpeciesTableViewModel.swift in Sources */,
				CA752CB321F2252700B4C3F3 /* ApplicationError.swift in Sources */,
				CA12BA4221E3AC6600DF6CC5 /* StarshipViewModel.swift in Sources */,
				CA12BA4421E3AC7100DF6CC5 /* StarshipViewController.swift in Sources */,
				CA12BA3D21E3AC4300DF6CC5 /* PersonViewController.swift in Sources */,
				CA752C8921EFCB7800B4C3F3 /* Response.swift in Sources */,
				CA752CAF21F21EBF00B4C3F3 /* PeopleAPI.swift in Sources */,
				CA752CC621F286C500B4C3F3 /* PersonViewController+Layout.swift in Sources */,
				CAC816E921E67D5600EB3D8D /* LoadingScreenView.swift in Sources */,
				CA83D54021E7FEF800EBC98C /* PaginatedAPIResponseProtocol.swift in Sources */,
				CA12BA3021E3AB5500DF6CC5 /* PeopleTableViewController.swift in Sources */,
				CAC816D521E52C1800EB3D8D /* PeopleResponse.swift in Sources */,
				CA12BA4721E3AC8600DF6CC5 /* SpecieViewController.swift in Sources */,
				CACC021E21F65481004A33C6 /* ResponseProtocol.swift in Sources */,
				CA12BA0C21E39CA400DF6CC5 /* AppDelegate.swift in Sources */,
				CA12BA2721E3A77100DF6CC5 /* Starship.swift in Sources */,
				CAC816C321E3FC9F00EB3D8D /* PeopleTableViewCell.swift in Sources */,
			);
			runOnlyForDeploymentPostprocessing = 0;
		};
		CA752C8A21F0C07F00B4C3F3 /* Sources */ = {
			isa = PBXSourcesBuildPhase;
			buildActionMask = 2147483647;
			files = (
				CA752C9121F0C07F00B4C3F3 /* StarWarsAppPersonViewModelTests.swift in Sources */,
				CA752CA921F0EEC400B4C3F3 /* StarWarsAppPeopleTableViewModelTests.swift in Sources */,
			);
			runOnlyForDeploymentPostprocessing = 0;
		};
		CA752C9A21F0CF1800B4C3F3 /* Sources */ = {
			isa = PBXSourcesBuildPhase;
			buildActionMask = 2147483647;
			files = (
			);
			runOnlyForDeploymentPostprocessing = 0;
		};
/* End PBXSourcesBuildPhase section */

/* Begin PBXTargetDependency section */
		CA752C9421F0C07F00B4C3F3 /* PBXTargetDependency */ = {
			isa = PBXTargetDependency;
			target = CA12BA0721E39CA400DF6CC5 /* StarWarsApp */;
			targetProxy = CA752C9321F0C07F00B4C3F3 /* PBXContainerItemProxy */;
		};
		CA752CA421F0CF1800B4C3F3 /* PBXTargetDependency */ = {
			isa = PBXTargetDependency;
			target = CA12BA0721E39CA400DF6CC5 /* StarWarsApp */;
			targetProxy = CA752CA321F0CF1800B4C3F3 /* PBXContainerItemProxy */;
		};
/* End PBXTargetDependency section */

/* Begin PBXVariantGroup section */
		CAA828C121EE7D5400027BAD /* Localizable.strings */ = {
			isa = PBXVariantGroup;
			children = (
				CAA828C221EE7D5400027BAD /* en */,
			);
			name = Localizable.strings;
			sourceTree = "<group>";
		};
/* End PBXVariantGroup section */

/* Begin XCBuildConfiguration section */
		CA12BA1821E39CA500DF6CC5 /* Debug */ = {
			isa = XCBuildConfiguration;
			buildSettings = {
				ALWAYS_SEARCH_USER_PATHS = NO;
				CLANG_ANALYZER_NONNULL = YES;
				CLANG_ANALYZER_NUMBER_OBJECT_CONVERSION = YES_AGGRESSIVE;
				CLANG_CXX_LANGUAGE_STANDARD = "gnu++14";
				CLANG_CXX_LIBRARY = "libc++";
				CLANG_ENABLE_MODULES = YES;
				CLANG_ENABLE_OBJC_ARC = YES;
				CLANG_ENABLE_OBJC_WEAK = YES;
				CLANG_WARN_BLOCK_CAPTURE_AUTORELEASING = YES;
				CLANG_WARN_BOOL_CONVERSION = YES;
				CLANG_WARN_COMMA = YES;
				CLANG_WARN_CONSTANT_CONVERSION = YES;
				CLANG_WARN_DEPRECATED_OBJC_IMPLEMENTATIONS = YES;
				CLANG_WARN_DIRECT_OBJC_ISA_USAGE = YES_ERROR;
				CLANG_WARN_DOCUMENTATION_COMMENTS = YES;
				CLANG_WARN_EMPTY_BODY = YES;
				CLANG_WARN_ENUM_CONVERSION = YES;
				CLANG_WARN_INFINITE_RECURSION = YES;
				CLANG_WARN_INT_CONVERSION = YES;
				CLANG_WARN_NON_LITERAL_NULL_CONVERSION = YES;
				CLANG_WARN_OBJC_IMPLICIT_RETAIN_SELF = YES;
				CLANG_WARN_OBJC_LITERAL_CONVERSION = YES;
				CLANG_WARN_OBJC_ROOT_CLASS = YES_ERROR;
				CLANG_WARN_RANGE_LOOP_ANALYSIS = YES;
				CLANG_WARN_STRICT_PROTOTYPES = YES;
				CLANG_WARN_SUSPICIOUS_MOVE = YES;
				CLANG_WARN_UNGUARDED_AVAILABILITY = YES_AGGRESSIVE;
				CLANG_WARN_UNREACHABLE_CODE = YES;
				CLANG_WARN__DUPLICATE_METHOD_MATCH = YES;
				CODE_SIGN_IDENTITY = "iPhone Developer";
				COPY_PHASE_STRIP = NO;
				DEBUG_INFORMATION_FORMAT = dwarf;
				ENABLE_STRICT_OBJC_MSGSEND = YES;
				ENABLE_TESTABILITY = YES;
				GCC_C_LANGUAGE_STANDARD = gnu11;
				GCC_DYNAMIC_NO_PIC = NO;
				GCC_NO_COMMON_BLOCKS = YES;
				GCC_OPTIMIZATION_LEVEL = 0;
				GCC_PREPROCESSOR_DEFINITIONS = (
					"DEBUG=1",
					"$(inherited)",
				);
				GCC_WARN_64_TO_32_BIT_CONVERSION = YES;
				GCC_WARN_ABOUT_RETURN_TYPE = YES_ERROR;
				GCC_WARN_UNDECLARED_SELECTOR = YES;
				GCC_WARN_UNINITIALIZED_AUTOS = YES_AGGRESSIVE;
				GCC_WARN_UNUSED_FUNCTION = YES;
				GCC_WARN_UNUSED_VARIABLE = YES;
				IPHONEOS_DEPLOYMENT_TARGET = 12.1;
				MTL_ENABLE_DEBUG_INFO = INCLUDE_SOURCE;
				MTL_FAST_MATH = YES;
				ONLY_ACTIVE_ARCH = YES;
				SDKROOT = iphoneos;
				SWIFT_ACTIVE_COMPILATION_CONDITIONS = DEBUG;
				SWIFT_OPTIMIZATION_LEVEL = "-Onone";
			};
			name = Debug;
		};
		CA12BA1921E39CA500DF6CC5 /* Release */ = {
			isa = XCBuildConfiguration;
			buildSettings = {
				ALWAYS_SEARCH_USER_PATHS = NO;
				CLANG_ANALYZER_NONNULL = YES;
				CLANG_ANALYZER_NUMBER_OBJECT_CONVERSION = YES_AGGRESSIVE;
				CLANG_CXX_LANGUAGE_STANDARD = "gnu++14";
				CLANG_CXX_LIBRARY = "libc++";
				CLANG_ENABLE_MODULES = YES;
				CLANG_ENABLE_OBJC_ARC = YES;
				CLANG_ENABLE_OBJC_WEAK = YES;
				CLANG_WARN_BLOCK_CAPTURE_AUTORELEASING = YES;
				CLANG_WARN_BOOL_CONVERSION = YES;
				CLANG_WARN_COMMA = YES;
				CLANG_WARN_CONSTANT_CONVERSION = YES;
				CLANG_WARN_DEPRECATED_OBJC_IMPLEMENTATIONS = YES;
				CLANG_WARN_DIRECT_OBJC_ISA_USAGE = YES_ERROR;
				CLANG_WARN_DOCUMENTATION_COMMENTS = YES;
				CLANG_WARN_EMPTY_BODY = YES;
				CLANG_WARN_ENUM_CONVERSION = YES;
				CLANG_WARN_INFINITE_RECURSION = YES;
				CLANG_WARN_INT_CONVERSION = YES;
				CLANG_WARN_NON_LITERAL_NULL_CONVERSION = YES;
				CLANG_WARN_OBJC_IMPLICIT_RETAIN_SELF = YES;
				CLANG_WARN_OBJC_LITERAL_CONVERSION = YES;
				CLANG_WARN_OBJC_ROOT_CLASS = YES_ERROR;
				CLANG_WARN_RANGE_LOOP_ANALYSIS = YES;
				CLANG_WARN_STRICT_PROTOTYPES = YES;
				CLANG_WARN_SUSPICIOUS_MOVE = YES;
				CLANG_WARN_UNGUARDED_AVAILABILITY = YES_AGGRESSIVE;
				CLANG_WARN_UNREACHABLE_CODE = YES;
				CLANG_WARN__DUPLICATE_METHOD_MATCH = YES;
				CODE_SIGN_IDENTITY = "iPhone Developer";
				COPY_PHASE_STRIP = NO;
				DEBUG_INFORMATION_FORMAT = "dwarf-with-dsym";
				ENABLE_NS_ASSERTIONS = NO;
				ENABLE_STRICT_OBJC_MSGSEND = YES;
				GCC_C_LANGUAGE_STANDARD = gnu11;
				GCC_NO_COMMON_BLOCKS = YES;
				GCC_WARN_64_TO_32_BIT_CONVERSION = YES;
				GCC_WARN_ABOUT_RETURN_TYPE = YES_ERROR;
				GCC_WARN_UNDECLARED_SELECTOR = YES;
				GCC_WARN_UNINITIALIZED_AUTOS = YES_AGGRESSIVE;
				GCC_WARN_UNUSED_FUNCTION = YES;
				GCC_WARN_UNUSED_VARIABLE = YES;
				IPHONEOS_DEPLOYMENT_TARGET = 12.1;
				MTL_ENABLE_DEBUG_INFO = NO;
				MTL_FAST_MATH = YES;
				SDKROOT = iphoneos;
				SWIFT_COMPILATION_MODE = wholemodule;
				SWIFT_OPTIMIZATION_LEVEL = "-O";
				VALIDATE_PRODUCT = YES;
			};
			name = Release;
		};
		CA12BA1B21E39CA500DF6CC5 /* Debug */ = {
			isa = XCBuildConfiguration;
			baseConfigurationReference = 6EC83A950965053095D128F8 /* Pods-StarWarsApp.debug.xcconfig */;
			buildSettings = {
				ASSETCATALOG_COMPILER_APPICON_NAME = AppIcon;
				ASSETCATALOG_COMPILER_LAUNCHIMAGE_NAME = LaunchImage;
				CODE_SIGN_STYLE = Automatic;
				DEVELOPMENT_TEAM = C54FN86J54;
				INFOPLIST_FILE = StarWarsApp/Info.plist;
				LD_RUNPATH_SEARCH_PATHS = (
					"$(inherited)",
					"@executable_path/Frameworks",
				);
				PRODUCT_BUNDLE_IDENTIFIER = com.StarWarsApp;
				PRODUCT_NAME = "$(TARGET_NAME)";
				SWIFT_VERSION = 4.2;
				TARGETED_DEVICE_FAMILY = "1,2";
			};
			name = Debug;
		};
		CA12BA1C21E39CA500DF6CC5 /* Release */ = {
			isa = XCBuildConfiguration;
			baseConfigurationReference = 45CC1E6C5EAAB5ABAE457423 /* Pods-StarWarsApp.release.xcconfig */;
			buildSettings = {
				ASSETCATALOG_COMPILER_APPICON_NAME = AppIcon;
				ASSETCATALOG_COMPILER_LAUNCHIMAGE_NAME = LaunchImage;
				CODE_SIGN_STYLE = Automatic;
				DEVELOPMENT_TEAM = C54FN86J54;
				INFOPLIST_FILE = StarWarsApp/Info.plist;
				LD_RUNPATH_SEARCH_PATHS = (
					"$(inherited)",
					"@executable_path/Frameworks",
				);
				PRODUCT_BUNDLE_IDENTIFIER = com.StarWarsApp;
				PRODUCT_NAME = "$(TARGET_NAME)";
				SWIFT_VERSION = 4.2;
				TARGETED_DEVICE_FAMILY = "1,2";
			};
			name = Release;
		};
		CA752C9621F0C07F00B4C3F3 /* Debug */ = {
			isa = XCBuildConfiguration;
			baseConfigurationReference = B4157F9A4AC92B9A82DA65A2 /* Pods-StarWarsApp-StarWarsAppTests.debug.xcconfig */;
			buildSettings = {
				BUNDLE_LOADER = "$(TEST_HOST)";
				CODE_SIGN_STYLE = Automatic;
				DEVELOPMENT_TEAM = C54FN86J54;
				INFOPLIST_FILE = StarWarsAppTests/Info.plist;
				LD_RUNPATH_SEARCH_PATHS = (
					"$(inherited)",
					"@executable_path/Frameworks",
					"@loader_path/Frameworks",
				);
				PRODUCT_BUNDLE_IDENTIFIER = com.StarWarsAppTests;
				PRODUCT_NAME = "$(TARGET_NAME)";
				SWIFT_VERSION = 4.2;
				TARGETED_DEVICE_FAMILY = "1,2";
				TEST_HOST = "$(BUILT_PRODUCTS_DIR)/StarWarsApp.app/StarWarsApp";
			};
			name = Debug;
		};
		CA752C9721F0C07F00B4C3F3 /* Release */ = {
			isa = XCBuildConfiguration;
			baseConfigurationReference = FB9D06AB24CAD96C803C807C /* Pods-StarWarsApp-StarWarsAppTests.release.xcconfig */;
			buildSettings = {
				BUNDLE_LOADER = "$(TEST_HOST)";
				CODE_SIGN_STYLE = Automatic;
				DEVELOPMENT_TEAM = C54FN86J54;
				INFOPLIST_FILE = StarWarsAppTests/Info.plist;
				LD_RUNPATH_SEARCH_PATHS = (
					"$(inherited)",
					"@executable_path/Frameworks",
					"@loader_path/Frameworks",
				);
				PRODUCT_BUNDLE_IDENTIFIER = com.StarWarsAppTests;
				PRODUCT_NAME = "$(TARGET_NAME)";
				SWIFT_VERSION = 4.2;
				TARGETED_DEVICE_FAMILY = "1,2";
				TEST_HOST = "$(BUILT_PRODUCTS_DIR)/StarWarsApp.app/StarWarsApp";
			};
			name = Release;
		};
		CA752CA621F0CF1800B4C3F3 /* Debug */ = {
			isa = XCBuildConfiguration;
			buildSettings = {
				CODE_SIGN_STYLE = Automatic;
				DEVELOPMENT_TEAM = C54FN86J54;
				INFOPLIST_FILE = StarWarsAppUITests/Info.plist;
				LD_RUNPATH_SEARCH_PATHS = (
					"$(inherited)",
					"@executable_path/Frameworks",
					"@loader_path/Frameworks",
				);
				PRODUCT_BUNDLE_IDENTIFIER = com.StarWarsAppUITests;
				PRODUCT_NAME = "$(TARGET_NAME)";
				SWIFT_VERSION = 4.2;
				TARGETED_DEVICE_FAMILY = "1,2";
				TEST_TARGET_NAME = StarWarsApp;
			};
			name = Debug;
		};
		CA752CA721F0CF1800B4C3F3 /* Release */ = {
			isa = XCBuildConfiguration;
			buildSettings = {
				CODE_SIGN_STYLE = Automatic;
				DEVELOPMENT_TEAM = C54FN86J54;
				INFOPLIST_FILE = StarWarsAppUITests/Info.plist;
				LD_RUNPATH_SEARCH_PATHS = (
					"$(inherited)",
					"@executable_path/Frameworks",
					"@loader_path/Frameworks",
				);
				PRODUCT_BUNDLE_IDENTIFIER = com.StarWarsAppUITests;
				PRODUCT_NAME = "$(TARGET_NAME)";
				SWIFT_VERSION = 4.2;
				TARGETED_DEVICE_FAMILY = "1,2";
				TEST_TARGET_NAME = StarWarsApp;
			};
			name = Release;
		};
/* End XCBuildConfiguration section */

/* Begin XCConfigurationList section */
		CA12BA0321E39CA400DF6CC5 /* Build configuration list for PBXProject "StarWarsApp" */ = {
			isa = XCConfigurationList;
			buildConfigurations = (
				CA12BA1821E39CA500DF6CC5 /* Debug */,
				CA12BA1921E39CA500DF6CC5 /* Release */,
			);
			defaultConfigurationIsVisible = 0;
			defaultConfigurationName = Release;
		};
		CA12BA1A21E39CA500DF6CC5 /* Build configuration list for PBXNativeTarget "StarWarsApp" */ = {
			isa = XCConfigurationList;
			buildConfigurations = (
				CA12BA1B21E39CA500DF6CC5 /* Debug */,
				CA12BA1C21E39CA500DF6CC5 /* Release */,
			);
			defaultConfigurationIsVisible = 0;
			defaultConfigurationName = Release;
		};
		CA752C9521F0C07F00B4C3F3 /* Build configuration list for PBXNativeTarget "StarWarsAppTests" */ = {
			isa = XCConfigurationList;
			buildConfigurations = (
				CA752C9621F0C07F00B4C3F3 /* Debug */,
				CA752C9721F0C07F00B4C3F3 /* Release */,
			);
			defaultConfigurationIsVisible = 0;
			defaultConfigurationName = Release;
		};
		CA752CA521F0CF1800B4C3F3 /* Build configuration list for PBXNativeTarget "StarWarsAppUITests" */ = {
			isa = XCConfigurationList;
			buildConfigurations = (
				CA752CA621F0CF1800B4C3F3 /* Debug */,
				CA752CA721F0CF1800B4C3F3 /* Release */,
			);
			defaultConfigurationIsVisible = 0;
			defaultConfigurationName = Release;
		};
/* End XCConfigurationList section */
	};
	rootObject = CA12BA0021E39CA400DF6CC5 /* Project object */;
}
