// !$*UTF8*$!
{
	archiveVersion = 1;
	classes = {
	};
	objectVersion = 50;
	objects = {

/* Begin PBXBuildFile section */
		CA204A5021D41C35000A086B /* Constants.swift in Sources */ = {isa = PBXBuildFile; fileRef = CA204A4F21D41C35000A086B /* Constants.swift */; };
		CA204A7221D680C4000A086B /* CardBehavior.swift in Sources */ = {isa = PBXBuildFile; fileRef = CA204A7121D680C4000A086B /* CardBehavior.swift */; };
		CA7832AB21D3E866004E9F4E /* AppDelegate.swift in Sources */ = {isa = PBXBuildFile; fileRef = CA7832AA21D3E866004E9F4E /* AppDelegate.swift */; };
		CA7832AD21D3E866004E9F4E /* ViewController.swift in Sources */ = {isa = PBXBuildFile; fileRef = CA7832AC21D3E866004E9F4E /* ViewController.swift */; };
		CA7832B021D3E866004E9F4E /* Main.storyboard in Resources */ = {isa = PBXBuildFile; fileRef = CA7832AE21D3E866004E9F4E /* Main.storyboard */; };
		CA7832B221D3E868004E9F4E /* Assets.xcassets in Resources */ = {isa = PBXBuildFile; fileRef = CA7832B121D3E868004E9F4E /* Assets.xcassets */; };
		CA7832B521D3E868004E9F4E /* LaunchScreen.storyboard in Resources */ = {isa = PBXBuildFile; fileRef = CA7832B321D3E868004E9F4E /* LaunchScreen.storyboard */; };
		CA7832BE21D3E8BB004E9F4E /* PlayingCard.swift in Sources */ = {isa = PBXBuildFile; fileRef = CA7832BD21D3E8BB004E9F4E /* PlayingCard.swift */; };
		CA7832C021D3E9B3004E9F4E /* SuitEnum.swift in Sources */ = {isa = PBXBuildFile; fileRef = CA7832BF21D3E9B3004E9F4E /* SuitEnum.swift */; };
		CA7832C221D3E9C3004E9F4E /* RankEnum.swift in Sources */ = {isa = PBXBuildFile; fileRef = CA7832C121D3E9C3004E9F4E /* RankEnum.swift */; };
		CA7832C521D3EC1F004E9F4E /* CardDeck.swift in Sources */ = {isa = PBXBuildFile; fileRef = CA7832C421D3EC1F004E9F4E /* CardDeck.swift */; };
		CA7832C721D41246004E9F4E /* PlayingCardView.swift in Sources */ = {isa = PBXBuildFile; fileRef = CA7832C621D41246004E9F4E /* PlayingCardView.swift */; };
/* End PBXBuildFile section */

/* Begin PBXFileReference section */
		CA204A4F21D41C35000A086B /* Constants.swift */ = {isa = PBXFileReference; lastKnownFileType = sourcecode.swift; path = Constants.swift; sourceTree = "<group>"; };
		CA204A7121D680C4000A086B /* CardBehavior.swift */ = {isa = PBXFileReference; lastKnownFileType = sourcecode.swift; path = CardBehavior.swift; sourceTree = "<group>"; };
		CA7832A721D3E866004E9F4E /* DrawingExamples.app */ = {isa = PBXFileReference; explicitFileType = wrapper.application; includeInIndex = 0; path = DrawingExamples.app; sourceTree = BUILT_PRODUCTS_DIR; };
		CA7832AA21D3E866004E9F4E /* AppDelegate.swift */ = {isa = PBXFileReference; lastKnownFileType = sourcecode.swift; path = AppDelegate.swift; sourceTree = "<group>"; };
		CA7832AC21D3E866004E9F4E /* ViewController.swift */ = {isa = PBXFileReference; lastKnownFileType = sourcecode.swift; path = ViewController.swift; sourceTree = "<group>"; };
		CA7832AF21D3E866004E9F4E /* Base */ = {isa = PBXFileReference; lastKnownFileType = file.storyboard; name = Base; path = Base.lproj/Main.storyboard; sourceTree = "<group>"; };
		CA7832B121D3E868004E9F4E /* Assets.xcassets */ = {isa = PBXFileReference; lastKnownFileType = folder.assetcatalog; path = Assets.xcassets; sourceTree = "<group>"; };
		CA7832B421D3E868004E9F4E /* Base */ = {isa = PBXFileReference; lastKnownFileType = file.storyboard; name = Base; path = Base.lproj/LaunchScreen.storyboard; sourceTree = "<group>"; };
		CA7832B621D3E868004E9F4E /* Info.plist */ = {isa = PBXFileReference; lastKnownFileType = text.plist.xml; path = Info.plist; sourceTree = "<group>"; };
		CA7832BD21D3E8BB004E9F4E /* PlayingCard.swift */ = {isa = PBXFileReference; lastKnownFileType = sourcecode.swift; path = PlayingCard.swift; sourceTree = "<group>"; };
		CA7832BF21D3E9B3004E9F4E /* SuitEnum.swift */ = {isa = PBXFileReference; lastKnownFileType = sourcecode.swift; path = SuitEnum.swift; sourceTree = "<group>"; };
		CA7832C121D3E9C3004E9F4E /* RankEnum.swift */ = {isa = PBXFileReference; lastKnownFileType = sourcecode.swift; path = RankEnum.swift; sourceTree = "<group>"; };
		CA7832C421D3EC1F004E9F4E /* CardDeck.swift */ = {isa = PBXFileReference; lastKnownFileType = sourcecode.swift; path = CardDeck.swift; sourceTree = "<group>"; };
		CA7832C621D41246004E9F4E /* PlayingCardView.swift */ = {isa = PBXFileReference; lastKnownFileType = sourcecode.swift; path = PlayingCardView.swift; sourceTree = "<group>"; };
/* End PBXFileReference section */

/* Begin PBXFrameworksBuildPhase section */
		CA7832A421D3E866004E9F4E /* Frameworks */ = {
			isa = PBXFrameworksBuildPhase;
			buildActionMask = 2147483647;
			files = (
			);
			runOnlyForDeploymentPostprocessing = 0;
		};
/* End PBXFrameworksBuildPhase section */

/* Begin PBXGroup section */
		CA78329E21D3E866004E9F4E = {
			isa = PBXGroup;
			children = (
				CA7832A921D3E866004E9F4E /* DrawingExamples */,
				CA7832A821D3E866004E9F4E /* Products */,
			);
			sourceTree = "<group>";
		};
		CA7832A821D3E866004E9F4E /* Products */ = {
			isa = PBXGroup;
			children = (
				CA7832A721D3E866004E9F4E /* DrawingExamples.app */,
			);
			name = Products;
			sourceTree = "<group>";
		};
		CA7832A921D3E866004E9F4E /* DrawingExamples */ = {
			isa = PBXGroup;
			children = (
				CA7832BC21D3E88C004E9F4E /* Support files */,
				CA7832AC21D3E866004E9F4E /* ViewController.swift */,
				CA7832AE21D3E866004E9F4E /* Main.storyboard */,
				CA7832B121D3E868004E9F4E /* Assets.xcassets */,
				CA7832B621D3E868004E9F4E /* Info.plist */,
				CA7832BD21D3E8BB004E9F4E /* PlayingCard.swift */,
				CA7832C321D3E9C9004E9F4E /* Enums */,
				CA7832C421D3EC1F004E9F4E /* CardDeck.swift */,
				CA7832C621D41246004E9F4E /* PlayingCardView.swift */,
				CA204A4F21D41C35000A086B /* Constants.swift */,
				CA204A7121D680C4000A086B /* CardBehavior.swift */,
			);
			path = DrawingExamples;
			sourceTree = "<group>";
		};
		CA7832BC21D3E88C004E9F4E /* Support files */ = {
			isa = PBXGroup;
			children = (
				CA7832AA21D3E866004E9F4E /* AppDelegate.swift */,
				CA7832B321D3E868004E9F4E /* LaunchScreen.storyboard */,
			);
			path = "Support files";
			sourceTree = "<group>";
		};
		CA7832C321D3E9C9004E9F4E /* Enums */ = {
			isa = PBXGroup;
			children = (
				CA7832BF21D3E9B3004E9F4E /* SuitEnum.swift */,
				CA7832C121D3E9C3004E9F4E /* RankEnum.swift */,
			);
			path = Enums;
			sourceTree = "<group>";
		};
/* End PBXGroup section */

/* Begin PBXNativeTarget section */
		CA7832A621D3E866004E9F4E /* DrawingExamples */ = {
			isa = PBXNativeTarget;
			buildConfigurationList = CA7832B921D3E868004E9F4E /* Build configuration list for PBXNativeTarget "DrawingExamples" */;
			buildPhases = (
				CA7832A321D3E866004E9F4E /* Sources */,
				CA7832A421D3E866004E9F4E /* Frameworks */,
				CA7832A521D3E866004E9F4E /* Resources */,
			);
			buildRules = (
			);
			dependencies = (
			);
			name = DrawingExamples;
			productName = DrawingExamples;
			productReference = CA7832A721D3E866004E9F4E /* DrawingExamples.app */;
			productType = "com.apple.product-type.application";
		};
/* End PBXNativeTarget section */

/* Begin PBXProject section */
		CA78329F21D3E866004E9F4E /* Project object */ = {
			isa = PBXProject;
			attributes = {
				LastSwiftUpdateCheck = 1010;
				LastUpgradeCheck = 1010;
				ORGANIZATIONNAME = Josue;
				TargetAttributes = {
					CA7832A621D3E866004E9F4E = {
						CreatedOnToolsVersion = 10.1;
					};
				};
			};
			buildConfigurationList = CA7832A221D3E866004E9F4E /* Build configuration list for PBXProject "DrawingExamples" */;
			compatibilityVersion = "Xcode 9.3";
			developmentRegion = en;
			hasScannedForEncodings = 0;
			knownRegions = (
				en,
				Base,
			);
			mainGroup = CA78329E21D3E866004E9F4E;
			productRefGroup = CA7832A821D3E866004E9F4E /* Products */;
			projectDirPath = "";
			projectRoot = "";
			targets = (
				CA7832A621D3E866004E9F4E /* DrawingExamples */,
			);
		};
/* End PBXProject section */

/* Begin PBXResourcesBuildPhase section */
		CA7832A521D3E866004E9F4E /* Resources */ = {
			isa = PBXResourcesBuildPhase;
			buildActionMask = 2147483647;
			files = (
				CA7832B521D3E868004E9F4E /* LaunchScreen.storyboard in Resources */,
				CA7832B221D3E868004E9F4E /* Assets.xcassets in Resources */,
				CA7832B021D3E866004E9F4E /* Main.storyboard in Resources */,
			);
			runOnlyForDeploymentPostprocessing = 0;
		};
/* End PBXResourcesBuildPhase section */

/* Begin PBXSourcesBuildPhase section */
		CA7832A321D3E866004E9F4E /* Sources */ = {
			isa = PBXSourcesBuildPhase;
			buildActionMask = 2147483647;
			files = (
				CA7832C521D3EC1F004E9F4E /* CardDeck.swift in Sources */,
				CA7832C721D41246004E9F4E /* PlayingCardView.swift in Sources */,
				CA204A7221D680C4000A086B /* CardBehavior.swift in Sources */,
				CA7832AD21D3E866004E9F4E /* ViewController.swift in Sources */,
				CA7832BE21D3E8BB004E9F4E /* PlayingCard.swift in Sources */,
				CA7832AB21D3E866004E9F4E /* AppDelegate.swift in Sources */,
				CA7832C221D3E9C3004E9F4E /* RankEnum.swift in Sources */,
				CA7832C021D3E9B3004E9F4E /* SuitEnum.swift in Sources */,
				CA204A5021D41C35000A086B /* Constants.swift in Sources */,
			);
			runOnlyForDeploymentPostprocessing = 0;
		};
/* End PBXSourcesBuildPhase section */

/* Begin PBXVariantGroup section */
		CA7832AE21D3E866004E9F4E /* Main.storyboard */ = {
			isa = PBXVariantGroup;
			children = (
				CA7832AF21D3E866004E9F4E /* Base */,
			);
			name = Main.storyboard;
			sourceTree = "<group>";
		};
		CA7832B321D3E868004E9F4E /* LaunchScreen.storyboard */ = {
			isa = PBXVariantGroup;
			children = (
				CA7832B421D3E868004E9F4E /* Base */,
			);
			name = LaunchScreen.storyboard;
			sourceTree = "<group>";
		};
/* End PBXVariantGroup section */

/* Begin XCBuildConfiguration section */
		CA7832B721D3E868004E9F4E /* Debug */ = {
			isa = XCBuildConfiguration;
			buildSettings = {
				ALWAYS_SEARCH_USER_PATHS = NO;
				CLANG_ANALYZER_NONNULL = YES;
				CLANG_ANALYZER_NUMBER_OBJECT_CONVERSION = YES_AGGRESSIVE;
				CLANG_CXX_LANGUAGE_STANDARD = "gnu++14";
				CLANG_CXX_LIBRARY = "libc++";
				CLANG_ENABLE_MODULES = YES;
				CLANG_ENABLE_OBJC_ARC = YES;
				CLANG_ENABLE_OBJC_WEAK = YES;
				CLANG_WARN_BLOCK_CAPTURE_AUTORELEASING = YES;
				CLANG_WARN_BOOL_CONVERSION = YES;
				CLANG_WARN_COMMA = YES;
				CLANG_WARN_CONSTANT_CONVERSION = YES;
				CLANG_WARN_DEPRECATED_OBJC_IMPLEMENTATIONS = YES;
				CLANG_WARN_DIRECT_OBJC_ISA_USAGE = YES_ERROR;
				CLANG_WARN_DOCUMENTATION_COMMENTS = YES;
				CLANG_WARN_EMPTY_BODY = YES;
				CLANG_WARN_ENUM_CONVERSION = YES;
				CLANG_WARN_INFINITE_RECURSION = YES;
				CLANG_WARN_INT_CONVERSION = YES;
				CLANG_WARN_NON_LITERAL_NULL_CONVERSION = YES;
				CLANG_WARN_OBJC_IMPLICIT_RETAIN_SELF = YES;
				CLANG_WARN_OBJC_LITERAL_CONVERSION = YES;
				CLANG_WARN_OBJC_ROOT_CLASS = YES_ERROR;
				CLANG_WARN_RANGE_LOOP_ANALYSIS = YES;
				CLANG_WARN_STRICT_PROTOTYPES = YES;
				CLANG_WARN_SUSPICIOUS_MOVE = YES;
				CLANG_WARN_UNGUARDED_AVAILABILITY = YES_AGGRESSIVE;
				CLANG_WARN_UNREACHABLE_CODE = YES;
				CLANG_WARN__DUPLICATE_METHOD_MATCH = YES;
				CODE_SIGN_IDENTITY = "iPhone Developer";
				COPY_PHASE_STRIP = NO;
				DEBUG_INFORMATION_FORMAT = dwarf;
				ENABLE_STRICT_OBJC_MSGSEND = YES;
				ENABLE_TESTABILITY = YES;
				GCC_C_LANGUAGE_STANDARD = gnu11;
				GCC_DYNAMIC_NO_PIC = NO;
				GCC_NO_COMMON_BLOCKS = YES;
				GCC_OPTIMIZATION_LEVEL = 0;
				GCC_PREPROCESSOR_DEFINITIONS = (
					"DEBUG=1",
					"$(inherited)",
				);
				GCC_WARN_64_TO_32_BIT_CONVERSION = YES;
				GCC_WARN_ABOUT_RETURN_TYPE = YES_ERROR;
				GCC_WARN_UNDECLARED_SELECTOR = YES;
				GCC_WARN_UNINITIALIZED_AUTOS = YES_AGGRESSIVE;
				GCC_WARN_UNUSED_FUNCTION = YES;
				GCC_WARN_UNUSED_VARIABLE = YES;
				IPHONEOS_DEPLOYMENT_TARGET = 12.1;
				MTL_ENABLE_DEBUG_INFO = INCLUDE_SOURCE;
				MTL_FAST_MATH = YES;
				ONLY_ACTIVE_ARCH = YES;
				SDKROOT = iphoneos;
				SWIFT_ACTIVE_COMPILATION_CONDITIONS = DEBUG;
				SWIFT_OPTIMIZATION_LEVEL = "-Onone";
			};
			name = Debug;
		};
		CA7832B821D3E868004E9F4E /* Release */ = {
			isa = XCBuildConfiguration;
			buildSettings = {
				ALWAYS_SEARCH_USER_PATHS = NO;
				CLANG_ANALYZER_NONNULL = YES;
				CLANG_ANALYZER_NUMBER_OBJECT_CONVERSION = YES_AGGRESSIVE;
				CLANG_CXX_LANGUAGE_STANDARD = "gnu++14";
				CLANG_CXX_LIBRARY = "libc++";
				CLANG_ENABLE_MODULES = YES;
				CLANG_ENABLE_OBJC_ARC = YES;
				CLANG_ENABLE_OBJC_WEAK = YES;
				CLANG_WARN_BLOCK_CAPTURE_AUTORELEASING = YES;
				CLANG_WARN_BOOL_CONVERSION = YES;
				CLANG_WARN_COMMA = YES;
				CLANG_WARN_CONSTANT_CONVERSION = YES;
				CLANG_WARN_DEPRECATED_OBJC_IMPLEMENTATIONS = YES;
				CLANG_WARN_DIRECT_OBJC_ISA_USAGE = YES_ERROR;
				CLANG_WARN_DOCUMENTATION_COMMENTS = YES;
				CLANG_WARN_EMPTY_BODY = YES;
				CLANG_WARN_ENUM_CONVERSION = YES;
				CLANG_WARN_INFINITE_RECURSION = YES;
				CLANG_WARN_INT_CONVERSION = YES;
				CLANG_WARN_NON_LITERAL_NULL_CONVERSION = YES;
				CLANG_WARN_OBJC_IMPLICIT_RETAIN_SELF = YES;
				CLANG_WARN_OBJC_LITERAL_CONVERSION = YES;
				CLANG_WARN_OBJC_ROOT_CLASS = YES_ERROR;
				CLANG_WARN_RANGE_LOOP_ANALYSIS = YES;
				CLANG_WARN_STRICT_PROTOTYPES = YES;
				CLANG_WARN_SUSPICIOUS_MOVE = YES;
				CLANG_WARN_UNGUARDED_AVAILABILITY = YES_AGGRESSIVE;
				CLANG_WARN_UNREACHABLE_CODE = YES;
				CLANG_WARN__DUPLICATE_METHOD_MATCH = YES;
				CODE_SIGN_IDENTITY = "iPhone Developer";
				COPY_PHASE_STRIP = NO;
				DEBUG_INFORMATION_FORMAT = "dwarf-with-dsym";
				ENABLE_NS_ASSERTIONS = NO;
				ENABLE_STRICT_OBJC_MSGSEND = YES;
				GCC_C_LANGUAGE_STANDARD = gnu11;
				GCC_NO_COMMON_BLOCKS = YES;
				GCC_WARN_64_TO_32_BIT_CONVERSION = YES;
				GCC_WARN_ABOUT_RETURN_TYPE = YES_ERROR;
				GCC_WARN_UNDECLARED_SELECTOR = YES;
				GCC_WARN_UNINITIALIZED_AUTOS = YES_AGGRESSIVE;
				GCC_WARN_UNUSED_FUNCTION = YES;
				GCC_WARN_UNUSED_VARIABLE = YES;
				IPHONEOS_DEPLOYMENT_TARGET = 12.1;
				MTL_ENABLE_DEBUG_INFO = NO;
				MTL_FAST_MATH = YES;
				SDKROOT = iphoneos;
				SWIFT_COMPILATION_MODE = wholemodule;
				SWIFT_OPTIMIZATION_LEVEL = "-O";
				VALIDATE_PRODUCT = YES;
			};
			name = Release;
		};
		CA7832BA21D3E868004E9F4E /* Debug */ = {
			isa = XCBuildConfiguration;
			buildSettings = {
				ASSETCATALOG_COMPILER_APPICON_NAME = AppIcon;
				CODE_SIGN_STYLE = Automatic;
				INFOPLIST_FILE = DrawingExamples/Info.plist;
				LD_RUNPATH_SEARCH_PATHS = (
					"$(inherited)",
					"@executable_path/Frameworks",
				);
				PRODUCT_BUNDLE_IDENTIFIER = com.DrawingExamples;
				PRODUCT_NAME = "$(TARGET_NAME)";
				SWIFT_VERSION = 4.2;
				TARGETED_DEVICE_FAMILY = "1,2";
			};
			name = Debug;
		};
		CA7832BB21D3E868004E9F4E /* Release */ = {
			isa = XCBuildConfiguration;
			buildSettings = {
				ASSETCATALOG_COMPILER_APPICON_NAME = AppIcon;
				CODE_SIGN_STYLE = Automatic;
				INFOPLIST_FILE = DrawingExamples/Info.plist;
				LD_RUNPATH_SEARCH_PATHS = (
					"$(inherited)",
					"@executable_path/Frameworks",
				);
				PRODUCT_BUNDLE_IDENTIFIER = com.DrawingExamples;
				PRODUCT_NAME = "$(TARGET_NAME)";
				SWIFT_VERSION = 4.2;
				TARGETED_DEVICE_FAMILY = "1,2";
			};
			name = Release;
		};
/* End XCBuildConfiguration section */

/* Begin XCConfigurationList section */
		CA7832A221D3E866004E9F4E /* Build configuration list for PBXProject "DrawingExamples" */ = {
			isa = XCConfigurationList;
			buildConfigurations = (
				CA7832B721D3E868004E9F4E /* Debug */,
				CA7832B821D3E868004E9F4E /* Release */,
			);
			defaultConfigurationIsVisible = 0;
			defaultConfigurationName = Release;
		};
		CA7832B921D3E868004E9F4E /* Build configuration list for PBXNativeTarget "DrawingExamples" */ = {
			isa = XCConfigurationList;
			buildConfigurations = (
				CA7832BA21D3E868004E9F4E /* Debug */,
				CA7832BB21D3E868004E9F4E /* Release */,
			);
			defaultConfigurationIsVisible = 0;
			defaultConfigurationName = Release;
		};
/* End XCConfigurationList section */
	};
	rootObject = CA78329F21D3E866004E9F4E /* Project object */;
}
